<?xml version="1.0" encoding="utf-8"?>
<Project ToolsVersion="4.0" xmlns="http://schemas.microsoft.com/developer/msbuild/2003">
  <ItemGroup>
    <ClCompile Include="Bomb.cpp" />
    <ClCompile Include="Buffer.cpp" />
    <ClCompile Include="Entity.cpp" />
    <ClCompile Include="Explosion.cpp" />
    <ClCompile Include="Transform.cpp" />
    <ClCompile Include="Grid.cpp" />
    <ClCompile Include="Indecis.cpp" />
    <ClCompile Include="NYTimer.cpp" />
    <ClCompile Include="Player.cpp" />
    <ClCompile Include="UIWindow.cpp" />
    <ClCompile Include="WallTypes.cpp" />
    <ClCompile Include="SpriteReader.cpp" />
    <ClCompile Include="Sprite.cpp" />
  </ItemGroup>
  <ItemGroup>
    <ClInclude Include="Bomb.h" />
    <ClInclude Include="Buffer.h" />
    <ClInclude Include="Definitions.h" />
    <ClInclude Include="Entity.h" />
    <ClInclude Include="Explosion.h" />
    <ClInclude Include="Transform.h" />
    <ClInclude Include="Grid.h" />
    <ClInclude Include="NYTimer.h" />
    <ClInclude Include="Player.h" />
    <ClInclude Include="UIWindow.h" />
    <ClInclude Include="WallTypes.h" />
    <ClInclude Include="SpriteReader.h" />
    <ClInclude Include="Sprite.h" />
  </ItemGroup>
</Project>